
Microsoft Visual Studio Solution File, Format Version 12.00
# Visual Studio Version 16
VisualStudioVersion = 16.0.30611.23
MinimumVisualStudioVersion = 10.0.40219.1
Project("{FAE04EC0-301F-11D3-BF4B-00C04F79EFBC}") = "Ref_resize_array", "Ref_resize_array.csproj", "{F40D6BAD-E70E-451A-B504-8A41FC55C687}"
EndProject
Global
	GlobalSection(SolutionConfigurationPlatforms) = preSolution
		Debug|Any CPU = Debug|Any CPU
		Release|Any CPU = Release|Any CPU
	EndGlobalSection
	GlobalSection(ProjectConfigurationPlatforms) = postSolution
		{F40D6BAD-E70E-451A-B504-8A41FC55C687}.Debug|Any CPU.ActiveCfg = Debug|Any CPU
		{F40D6BAD-E70E-451A-B504-8A41FC55C687}.Debug|Any CPU.Build.0 = Debug|Any CPU
		{F40D6BAD-E70E-451A-B504-8A41FC55C687}.Release|Any CPU.ActiveCfg = Release|Any CPU
		{F40D6BAD-E70E-451A-B504-8A41FC55C687}.Release|Any CPU.Build.0 = Release|Any CPU
	EndGlobalSection
	GlobalSection(SolutionProperties) = preSolution
		HideSolutionNode = FALSE
	EndGlobalSection
	GlobalSection(ExtensibilityGlobals) = postSolution
		SolutionGuid = {B14C6A50-482A-4FAD-BCE3-FB6933921220}
	EndGlobalSection
EndGlobal
