
Microsoft Visual Studio Solution File, Format Version 12.00
# Visual Studio Version 16
VisualStudioVersion = 16.0.30611.23
MinimumVisualStudioVersion = 10.0.40219.1
Project("{FAE04EC0-301F-11D3-BF4B-00C04F79EFBC}") = "dodavannia_mnozhennia", "dodavannia_mnozhennia.csproj", "{C2B6C58A-A14B-4A8D-B0A0-FC5933E66B03}"
EndProject
Global
	GlobalSection(SolutionConfigurationPlatforms) = preSolution
		Debug|Any CPU = Debug|Any CPU
		Release|Any CPU = Release|Any CPU
	EndGlobalSection
	GlobalSection(ProjectConfigurationPlatforms) = postSolution
		{C2B6C58A-A14B-4A8D-B0A0-FC5933E66B03}.Debug|Any CPU.ActiveCfg = Debug|Any CPU
		{C2B6C58A-A14B-4A8D-B0A0-FC5933E66B03}.Debug|Any CPU.Build.0 = Debug|Any CPU
		{C2B6C58A-A14B-4A8D-B0A0-FC5933E66B03}.Release|Any CPU.ActiveCfg = Release|Any CPU
		{C2B6C58A-A14B-4A8D-B0A0-FC5933E66B03}.Release|Any CPU.Build.0 = Release|Any CPU
	EndGlobalSection
	GlobalSection(SolutionProperties) = preSolution
		HideSolutionNode = FALSE
	EndGlobalSection
	GlobalSection(ExtensibilityGlobals) = postSolution
		SolutionGuid = {0D47CF0A-4D5B-4D95-85E6-D3AB876DC4A4}
	EndGlobalSection
EndGlobal
