
Microsoft Visual Studio Solution File, Format Version 12.00
# Visual Studio Version 16
VisualStudioVersion = 16.0.30611.23
MinimumVisualStudioVersion = 10.0.40219.1
Project("{FAE04EC0-301F-11D3-BF4B-00C04F79EFBC}") = "parse_TryParse", "parse_TryParse.csproj", "{2E0CF8A8-5703-4602-9856-A780222C2880}"
EndProject
Global
	GlobalSection(SolutionConfigurationPlatforms) = preSolution
		Debug|Any CPU = Debug|Any CPU
		Release|Any CPU = Release|Any CPU
	EndGlobalSection
	GlobalSection(ProjectConfigurationPlatforms) = postSolution
		{2E0CF8A8-5703-4602-9856-A780222C2880}.Debug|Any CPU.ActiveCfg = Debug|Any CPU
		{2E0CF8A8-5703-4602-9856-A780222C2880}.Debug|Any CPU.Build.0 = Debug|Any CPU
		{2E0CF8A8-5703-4602-9856-A780222C2880}.Release|Any CPU.ActiveCfg = Release|Any CPU
		{2E0CF8A8-5703-4602-9856-A780222C2880}.Release|Any CPU.Build.0 = Release|Any CPU
	EndGlobalSection
	GlobalSection(SolutionProperties) = preSolution
		HideSolutionNode = FALSE
	EndGlobalSection
	GlobalSection(ExtensibilityGlobals) = postSolution
		SolutionGuid = {BDADD222-10DA-4EC1-84D9-E77B872F682F}
	EndGlobalSection
EndGlobal
