
Microsoft Visual Studio Solution File, Format Version 12.00
# Visual Studio Version 16
VisualStudioVersion = 16.0.30611.23
MinimumVisualStudioVersion = 10.0.40219.1
Project("{FAE04EC0-301F-11D3-BF4B-00C04F79EFBC}") = "operator_OfUniting_for_NULL", "operator_OfUniting_for_NULL.csproj", "{11203E3F-B0EF-4DD7-B314-6733380E9607}"
EndProject
Project("{FAE04EC0-301F-11D3-BF4B-00C04F79EFBC}") = "Ref", "..\Ref\Ref.csproj", "{BB8C7E98-5626-4A42-8C6D-E5ED1AD13624}"
EndProject
Global
	GlobalSection(SolutionConfigurationPlatforms) = preSolution
		Debug|Any CPU = Debug|Any CPU
		Release|Any CPU = Release|Any CPU
	EndGlobalSection
	GlobalSection(ProjectConfigurationPlatforms) = postSolution
		{11203E3F-B0EF-4DD7-B314-6733380E9607}.Debug|Any CPU.ActiveCfg = Debug|Any CPU
		{11203E3F-B0EF-4DD7-B314-6733380E9607}.Debug|Any CPU.Build.0 = Debug|Any CPU
		{11203E3F-B0EF-4DD7-B314-6733380E9607}.Release|Any CPU.ActiveCfg = Release|Any CPU
		{11203E3F-B0EF-4DD7-B314-6733380E9607}.Release|Any CPU.Build.0 = Release|Any CPU
		{BB8C7E98-5626-4A42-8C6D-E5ED1AD13624}.Debug|Any CPU.ActiveCfg = Debug|Any CPU
		{BB8C7E98-5626-4A42-8C6D-E5ED1AD13624}.Debug|Any CPU.Build.0 = Debug|Any CPU
		{BB8C7E98-5626-4A42-8C6D-E5ED1AD13624}.Release|Any CPU.ActiveCfg = Release|Any CPU
		{BB8C7E98-5626-4A42-8C6D-E5ED1AD13624}.Release|Any CPU.Build.0 = Release|Any CPU
	EndGlobalSection
	GlobalSection(SolutionProperties) = preSolution
		HideSolutionNode = FALSE
	EndGlobalSection
	GlobalSection(ExtensibilityGlobals) = postSolution
		SolutionGuid = {8BFBC8C6-615A-4C6C-94CF-E4C3104AB15B}
	EndGlobalSection
EndGlobal
