
Microsoft Visual Studio Solution File, Format Version 12.00
# Visual Studio Version 16
VisualStudioVersion = 16.0.30611.23
MinimumVisualStudioVersion = 10.0.40219.1
Project("{FAE04EC0-301F-11D3-BF4B-00C04F79EFBC}") = "Operators", "Operators.csproj", "{ED8B4847-D1B8-4BCB-8510-4EA5CC93078A}"
EndProject
Project("{FAE04EC0-301F-11D3-BF4B-00C04F79EFBC}") = "dodavannia_mnozhennia", "..\dodavannia_mnozhennia\dodavannia_mnozhennia.csproj", "{C2B6C58A-A14B-4A8D-B0A0-FC5933E66B03}"
EndProject
Project("{FAE04EC0-301F-11D3-BF4B-00C04F79EFBC}") = "Convertor", "..\Convertor\Convertor.csproj", "{71C0DB2F-FF78-40EB-84CC-9D3329E757CF}"
EndProject
Project("{FAE04EC0-301F-11D3-BF4B-00C04F79EFBC}") = "increment_decrement", "..\increment_decrement\increment_decrement.csproj", "{120394CA-DD00-4AC5-9763-BEDFCA92E063}"
EndProject
Project("{FAE04EC0-301F-11D3-BF4B-00C04F79EFBC}") = "if_else", "..\if_else\if_else.csproj", "{A5804CE0-7D7B-4480-85A8-9C5B9BF71E15}"
EndProject
Global
	GlobalSection(SolutionConfigurationPlatforms) = preSolution
		Debug|Any CPU = Debug|Any CPU
		Release|Any CPU = Release|Any CPU
	EndGlobalSection
	GlobalSection(ProjectConfigurationPlatforms) = postSolution
		{ED8B4847-D1B8-4BCB-8510-4EA5CC93078A}.Debug|Any CPU.ActiveCfg = Debug|Any CPU
		{ED8B4847-D1B8-4BCB-8510-4EA5CC93078A}.Debug|Any CPU.Build.0 = Debug|Any CPU
		{ED8B4847-D1B8-4BCB-8510-4EA5CC93078A}.Release|Any CPU.ActiveCfg = Release|Any CPU
		{ED8B4847-D1B8-4BCB-8510-4EA5CC93078A}.Release|Any CPU.Build.0 = Release|Any CPU
		{C2B6C58A-A14B-4A8D-B0A0-FC5933E66B03}.Debug|Any CPU.ActiveCfg = Debug|Any CPU
		{C2B6C58A-A14B-4A8D-B0A0-FC5933E66B03}.Debug|Any CPU.Build.0 = Debug|Any CPU
		{C2B6C58A-A14B-4A8D-B0A0-FC5933E66B03}.Release|Any CPU.ActiveCfg = Release|Any CPU
		{C2B6C58A-A14B-4A8D-B0A0-FC5933E66B03}.Release|Any CPU.Build.0 = Release|Any CPU
		{71C0DB2F-FF78-40EB-84CC-9D3329E757CF}.Debug|Any CPU.ActiveCfg = Debug|Any CPU
		{71C0DB2F-FF78-40EB-84CC-9D3329E757CF}.Debug|Any CPU.Build.0 = Debug|Any CPU
		{71C0DB2F-FF78-40EB-84CC-9D3329E757CF}.Release|Any CPU.ActiveCfg = Release|Any CPU
		{71C0DB2F-FF78-40EB-84CC-9D3329E757CF}.Release|Any CPU.Build.0 = Release|Any CPU
		{120394CA-DD00-4AC5-9763-BEDFCA92E063}.Debug|Any CPU.ActiveCfg = Debug|Any CPU
		{120394CA-DD00-4AC5-9763-BEDFCA92E063}.Debug|Any CPU.Build.0 = Debug|Any CPU
		{120394CA-DD00-4AC5-9763-BEDFCA92E063}.Release|Any CPU.ActiveCfg = Release|Any CPU
		{120394CA-DD00-4AC5-9763-BEDFCA92E063}.Release|Any CPU.Build.0 = Release|Any CPU
		{A5804CE0-7D7B-4480-85A8-9C5B9BF71E15}.Debug|Any CPU.ActiveCfg = Debug|Any CPU
		{A5804CE0-7D7B-4480-85A8-9C5B9BF71E15}.Debug|Any CPU.Build.0 = Debug|Any CPU
		{A5804CE0-7D7B-4480-85A8-9C5B9BF71E15}.Release|Any CPU.ActiveCfg = Release|Any CPU
		{A5804CE0-7D7B-4480-85A8-9C5B9BF71E15}.Release|Any CPU.Build.0 = Release|Any CPU
	EndGlobalSection
	GlobalSection(SolutionProperties) = preSolution
		HideSolutionNode = FALSE
	EndGlobalSection
	GlobalSection(ExtensibilityGlobals) = postSolution
		SolutionGuid = {9E147FBE-F351-4D73-B89B-A276AC824C6F}
	EndGlobalSection
EndGlobal
